github.com/jpanther/congo/v2 v2.4.2 h1:c+WSf/9Mr+a/bR4w3YteHwnsS5eTWgkU0QC2Mqx9pjc=
github.com/jpanther/congo/v2 v2.4.2/go.mod h1:1S7DRoO1ZYS4YUdFd1LjTkdyjQwsjFWd8TqSfz3Jd+M=
github.com/jpanther/congo/v2 v2.6.1 h1:iA8uosVsiMl3JbBSBwMvrxEibzBcDp+RIj18f/cmlDs=
github.com/jpanther/congo/v2 v2.6.1/go.mod h1:1S7DRoO1ZYS4YUdFd1LjTkdyjQwsjFWd8TqSfz3Jd+M=
github.com/jpanther/congo/v2 v2.7.3 h1:4NtY3S3pOZTA/znoyjNqPeOID07fgQUQ/UpcIITAn4g=
github.com/jpanther/congo/v2 v2.7.3/go.mod h1:1S7DRoO1ZYS4YUdFd1LjTkdyjQwsjFWd8TqSfz3Jd+M=
github.com/jpanther/congo/v2 v2.8.1 h1:S8GuQXM/91DJdmmyjOTfHa4LUg08iNsKASSyX2RgeJU=
github.com/jpanther/congo/v2 v2.8.1/go.mod h1:1S7DRoO1ZYS4YUdFd1LjTkdyjQwsjFWd8TqSfz3Jd+M=
github.com/jpanther/congo/v2 v2.8.2 h1:UNg7225ZqLSt9zu0xBOh5iM9TXnuNG1Ta9eSsioHTEE=
github.com/jpanther/congo/v2 v2.8.2/go.mod h1:1S7DRoO1ZYS4YUdFd1LjTkdyjQwsjFWd8TqSfz3Jd+M=
github.com/nunocoracao/blowfish/v2 v2.89.1 h1:Y2GssdIeel5ee6+WP8DHttn2BbQWX7ak5BKK6mAfO7o=
github.com/nunocoracao/blowfish/v2 v2.89.1/go.mod h1:4SkMc+Ht8gpQCwArqiHMBDP3soxi2OWuAhVney+cuyk=
